
Microsoft Visual Studio Solution File, Format Version 12.00
# Visual Studio Version 17
VisualStudioVersion = 17.3.32929.385
MinimumVisualStudioVersion = 10.0.40219.1
Project("{FAE04EC0-301F-11D3-BF4B-00C04F79EFBC}") = "Encryptor", "Encryptor\Encryptor.csproj", "{B2F71952-A5AC-4EFC-9A35-08F9DD5C30E9}"
EndProject
Project("{FAE04EC0-301F-11D3-BF4B-00C04F79EFBC}") = "ProcessManager", "ProcessManager\ProcessManager.csproj", "{427D5A89-92DA-41EC-B65D-9DDBF4C90A87}"
EndProject
Global
	GlobalSection(SolutionConfigurationPlatforms) = preSolution
		Debug|Any CPU = Debug|Any CPU
		Release|Any CPU = Release|Any CPU
	EndGlobalSection
	GlobalSection(ProjectConfigurationPlatforms) = postSolution
		{B2F71952-A5AC-4EFC-9A35-08F9DD5C30E9}.Debug|Any CPU.ActiveCfg = Debug|Any CPU
		{B2F71952-A5AC-4EFC-9A35-08F9DD5C30E9}.Debug|Any CPU.Build.0 = Debug|Any CPU
		{B2F71952-A5AC-4EFC-9A35-08F9DD5C30E9}.Release|Any CPU.ActiveCfg = Release|Any CPU
		{B2F71952-A5AC-4EFC-9A35-08F9DD5C30E9}.Release|Any CPU.Build.0 = Release|Any CPU
		{427D5A89-92DA-41EC-B65D-9DDBF4C90A87}.Debug|Any CPU.ActiveCfg = Debug|Any CPU
		{427D5A89-92DA-41EC-B65D-9DDBF4C90A87}.Debug|Any CPU.Build.0 = Debug|Any CPU
		{427D5A89-92DA-41EC-B65D-9DDBF4C90A87}.Release|Any CPU.ActiveCfg = Release|Any CPU
		{427D5A89-92DA-41EC-B65D-9DDBF4C90A87}.Release|Any CPU.Build.0 = Release|Any CPU
	EndGlobalSection
	GlobalSection(SolutionProperties) = preSolution
		HideSolutionNode = FALSE
	EndGlobalSection
	GlobalSection(ExtensibilityGlobals) = postSolution
		SolutionGuid = {854C74CC-F822-4BB3-864A-8A3CCEE359F8}
	EndGlobalSection
EndGlobal
